
Microsoft Visual Studio Solution File, Format Version 12.00
# Visual Studio Version 17
VisualStudioVersion = 17.6.33723.286
MinimumVisualStudioVersion = 10.0.40219.1
Project("{FAE04EC0-301F-11D3-BF4B-00C04F79EFBC}") = "LoxSharp", "LoxSharp\LoxSharp.csproj", "{649F8CFE-C25C-421A-8D84-6A1DA505DCE1}"
EndProject
Global
	GlobalSection(SolutionConfigurationPlatforms) = preSolution
		Debug|Any CPU = Debug|Any CPU
		Release|Any CPU = Release|Any CPU
	EndGlobalSection
	GlobalSection(ProjectConfigurationPlatforms) = postSolution
		{649F8CFE-C25C-421A-8D84-6A1DA505DCE1}.Debug|Any CPU.ActiveCfg = Debug|Any CPU
		{649F8CFE-C25C-421A-8D84-6A1DA505DCE1}.Debug|Any CPU.Build.0 = Debug|Any CPU
		{649F8CFE-C25C-421A-8D84-6A1DA505DCE1}.Release|Any CPU.ActiveCfg = Release|Any CPU
		{649F8CFE-C25C-421A-8D84-6A1DA505DCE1}.Release|Any CPU.Build.0 = Release|Any CPU
	EndGlobalSection
	GlobalSection(SolutionProperties) = preSolution
		HideSolutionNode = FALSE
	EndGlobalSection
	GlobalSection(ExtensibilityGlobals) = postSolution
		SolutionGuid = {A033CEFC-4671-4BD4-BDF1-D94F378889C7}
	EndGlobalSection
EndGlobal
